
Microsoft Visual Studio Solution File, Format Version 12.00
# Visual Studio Version 17
VisualStudioVersion = 17.6.33815.320
MinimumVisualStudioVersion = 10.0.40219.1
Project("{FAE04EC0-301F-11D3-BF4B-00C04F79EFBC}") = "MyMathLibrary", "MyMathLibrary\MyMathLibrary.csproj", "{C624A062-4E11-4CF8-BE59-66AB2523F8A8}"
EndProject
Project("{FAE04EC0-301F-11D3-BF4B-00C04F79EFBC}") = "MyMathLibrary.Tests", "MyMathLibrary.Tests\MyMathLibrary.Tests.csproj", "{C879146D-0E1D-472E-B2E8-5558F2A69F3A}"
EndProject
Global
	GlobalSection(SolutionConfigurationPlatforms) = preSolution
		Debug|Any CPU = Debug|Any CPU
		Release|Any CPU = Release|Any CPU
	EndGlobalSection
	GlobalSection(ProjectConfigurationPlatforms) = postSolution
		{C624A062-4E11-4CF8-BE59-66AB2523F8A8}.Debug|Any CPU.ActiveCfg = Debug|Any CPU
		{C624A062-4E11-4CF8-BE59-66AB2523F8A8}.Debug|Any CPU.Build.0 = Debug|Any CPU
		{C624A062-4E11-4CF8-BE59-66AB2523F8A8}.Release|Any CPU.ActiveCfg = Release|Any CPU
		{C624A062-4E11-4CF8-BE59-66AB2523F8A8}.Release|Any CPU.Build.0 = Release|Any CPU
		{C879146D-0E1D-472E-B2E8-5558F2A69F3A}.Debug|Any CPU.ActiveCfg = Debug|Any CPU
		{C879146D-0E1D-472E-B2E8-5558F2A69F3A}.Debug|Any CPU.Build.0 = Debug|Any CPU
		{C879146D-0E1D-472E-B2E8-5558F2A69F3A}.Release|Any CPU.ActiveCfg = Release|Any CPU
		{C879146D-0E1D-472E-B2E8-5558F2A69F3A}.Release|Any CPU.Build.0 = Release|Any CPU
	EndGlobalSection
	GlobalSection(SolutionProperties) = preSolution
		HideSolutionNode = FALSE
	EndGlobalSection
	GlobalSection(ExtensibilityGlobals) = postSolution
		SolutionGuid = {C4BA71F1-EAEF-463F-BC88-E602D89F6730}
	EndGlobalSection
EndGlobal
